{
  "name": "bubble",
  "requires": true,
  "lockfileVersion": 1,
  "dependencies": {
    "jquery": {
      "version": "3.2.1",
      "resolved": "https://registry.npmjs.org/jquery/-/jquery-3.2.1.tgz",
      "integrity": "sha1-XE2d5lKvbNCncBVKYxu6ErAVx4c="
    },
    "jquery-ui": {
      "version": "1.12.1",
      "resolved": "https://registry.npmjs.org/jquery-ui/-/jquery-ui-1.12.1.tgz",
      "integrity": "sha1-vLQEXI3QU5wTS8FIjN0+dop6nlE="
    },
    "jquery-ui-multidatespicker": {
      "version": "1.6.6",
      "resolved": "https://registry.npmjs.org/jquery-ui-multidatespicker/-/jquery-ui-multidatespicker-1.6.6.tgz",
      "integrity": "sha1-mbGxG0Sq/lfEQzP9p4k1XnuGsfk=",
      "requires": {
        "jquery": "3.2.1",
        "jquery-ui": "1.12.1"
      }
    },
    "moment": {
      "version": "2.19.1",
      "resolved": "https://registry.npmjs.org/moment/-/moment-2.19.1.tgz",
      "integrity": "sha1-VtoaLRy/AdOLfhr8McELz6GSkWc="
    }
  }
}
