# THIS IS AN AUTOGENERATED FILE. DO NOT EDIT THIS FILE DIRECTLY.
# yarn lockfile v1


jquery-ui-multidatespicker@^1.6.6:
  version "1.6.6"
  resolved "https://registry.yarnpkg.com/jquery-ui-multidatespicker/-/jquery-ui-multidatespicker-1.6.6.tgz#99b1b11b44aafe57c44333fda789355e7b86b1f9"
  dependencies:
    jquery "1.9.1 - 3.2.x"
    jquery-ui "1.7.0 - 1.12.x"

"jquery-ui@1.7.0 - 1.12.x":
  version "1.12.1"
  resolved "https://registry.yarnpkg.com/jquery-ui/-/jquery-ui-1.12.1.tgz#bcb4045c8dd0539c134bc1488cdd3e768a7a9e51"

"jquery@1.9.1 - 3.2.x":
  version "3.2.1"
  resolved "https://registry.yarnpkg.com/jquery/-/jquery-3.2.1.tgz#5c4d9de652af6cd0a770154a631bba12b015c787"

moment@^2.19.1:
  version "2.19.1"
  resolved "https://registry.yarnpkg.com/moment/-/moment-2.19.1.tgz#56da1a2d1cbf01d38b7e1afc31c10bcfa1929167"
